// !$*UTF8*$!
{
	archiveVersion = 1;
	classes = {
	};
	objectVersion = 50;
	objects = {

/* Begin PBXBuildFile section */
		B577F29323D522B200F97C22 /* AppDelegate.swift in Sources */ = {isa = PBXBuildFile; fileRef = B577F29223D522B200F97C22 /* AppDelegate.swift */; };
		B577F29523D522B200F97C22 /* SceneDelegate.swift in Sources */ = {isa = PBXBuildFile; fileRef = B577F29423D522B200F97C22 /* SceneDelegate.swift */; };
		B577F29723D522B200F97C22 /* ViewController.swift in Sources */ = {isa = PBXBuildFile; fileRef = B577F29623D522B200F97C22 /* ViewController.swift */; };
		B577F29A23D522B200F97C22 /* Main.storyboard in Resources */ = {isa = PBXBuildFile; fileRef = B577F29823D522B200F97C22 /* Main.storyboard */; };
		B577F29D23D522B200F97C22 /* Harman_C0765590_labAssign2.xcdatamodeld in Sources */ = {isa = PBXBuildFile; fileRef = B577F29B23D522B200F97C22 /* Harman_C0765590_labAssign2.xcdatamodeld */; };
		B577F29F23D522B400F97C22 /* Assets.xcassets in Resources */ = {isa = PBXBuildFile; fileRef = B577F29E23D522B400F97C22 /* Assets.xcassets */; };
		B577F2A223D522B400F97C22 /* LaunchScreen.storyboard in Resources */ = {isa = PBXBuildFile; fileRef = B577F2A023D522B400F97C22 /* LaunchScreen.storyboard */; };
		B577F2AB23D523E700F97C22 /* TasksTableViewController.swift in Sources */ = {isa = PBXBuildFile; fileRef = B577F2AA23D523E700F97C22 /* TasksTableViewController.swift */; };
		B5B1424F23D5436D00AF6E9B /* AddTaskVC.swift in Sources */ = {isa = PBXBuildFile; fileRef = B5B1424E23D5436D00AF6E9B /* AddTaskVC.swift */; };
/* End PBXBuildFile section */

/* Begin PBXFileReference section */
		B577F28F23D522B200F97C22 /* Harman_C0765590_labAssign2.app */ = {isa = PBXFileReference; explicitFileType = wrapper.application; includeInIndex = 0; path = Harman_C0765590_labAssign2.app; sourceTree = BUILT_PRODUCTS_DIR; };
		B577F29223D522B200F97C22 /* AppDelegate.swift */ = {isa = PBXFileReference; lastKnownFileType = sourcecode.swift; path = AppDelegate.swift; sourceTree = "<group>"; };
		B577F29423D522B200F97C22 /* SceneDelegate.swift */ = {isa = PBXFileReference; lastKnownFileType = sourcecode.swift; path = SceneDelegate.swift; sourceTree = "<group>"; };
		B577F29623D522B200F97C22 /* ViewController.swift */ = {isa = PBXFileReference; lastKnownFileType = sourcecode.swift; path = ViewController.swift; sourceTree = "<group>"; };
		B577F29923D522B200F97C22 /* Base */ = {isa = PBXFileReference; lastKnownFileType = file.storyboard; name = Base; path = Base.lproj/Main.storyboard; sourceTree = "<group>"; };
		B577F29C23D522B200F97C22 /* Harman_C0765590_labAssign2.xcdatamodel */ = {isa = PBXFileReference; lastKnownFileType = wrapper.xcdatamodel; path = Harman_C0765590_labAssign2.xcdatamodel; sourceTree = "<group>"; };
		B577F29E23D522B400F97C22 /* Assets.xcassets */ = {isa = PBXFileReference; lastKnownFileType = folder.assetcatalog; path = Assets.xcassets; sourceTree = "<group>"; };
		B577F2A123D522B400F97C22 /* Base */ = {isa = PBXFileReference; lastKnownFileType = file.storyboard; name = Base; path = Base.lproj/LaunchScreen.storyboard; sourceTree = "<group>"; };
		B577F2A323D522B400F97C22 /* Info.plist */ = {isa = PBXFileReference; lastKnownFileType = text.plist.xml; path = Info.plist; sourceTree = "<group>"; };
		B577F2AA23D523E700F97C22 /* TasksTableViewController.swift */ = {isa = PBXFileReference; lastKnownFileType = sourcecode.swift; path = TasksTableViewController.swift; sourceTree = "<group>"; };
		B5B1424E23D5436D00AF6E9B /* AddTaskVC.swift */ = {isa = PBXFileReference; lastKnownFileType = sourcecode.swift; path = AddTaskVC.swift; sourceTree = "<group>"; };
/* End PBXFileReference section */

/* Begin PBXFrameworksBuildPhase section */
		B577F28C23D522B200F97C22 /* Frameworks */ = {
			isa = PBXFrameworksBuildPhase;
			buildActionMask = 2147483647;
			files = (
			);
			runOnlyForDeploymentPostprocessing = 0;
		};
/* End PBXFrameworksBuildPhase section */

/* Begin PBXGroup section */
		B577F28623D522B200F97C22 = {
			isa = PBXGroup;
			children = (
				B577F29123D522B200F97C22 /* Harman_C0765590_labAssign2 */,
				B577F29023D522B200F97C22 /* Products */,
			);
			sourceTree = "<group>";
		};
		B577F29023D522B200F97C22 /* Products */ = {
			isa = PBXGroup;
			children = (
				B577F28F23D522B200F97C22 /* Harman_C0765590_labAssign2.app */,
			);
			name = Products;
			sourceTree = "<group>";
		};
		B577F29123D522B200F97C22 /* Harman_C0765590_labAssign2 */ = {
			isa = PBXGroup;
			children = (
				B577F2A923D5235B00F97C22 /* Controllers */,
				B577F29223D522B200F97C22 /* AppDelegate.swift */,
				B577F29423D522B200F97C22 /* SceneDelegate.swift */,
				B577F29623D522B200F97C22 /* ViewController.swift */,
				B577F29823D522B200F97C22 /* Main.storyboard */,
				B577F29E23D522B400F97C22 /* Assets.xcassets */,
				B577F2A023D522B400F97C22 /* LaunchScreen.storyboard */,
				B577F2A323D522B400F97C22 /* Info.plist */,
				B577F29B23D522B200F97C22 /* Harman_C0765590_labAssign2.xcdatamodeld */,
			);
			path = Harman_C0765590_labAssign2;
			sourceTree = "<group>";
		};
		B577F2A923D5235B00F97C22 /* Controllers */ = {
			isa = PBXGroup;
			children = (
				B577F2AA23D523E700F97C22 /* TasksTableViewController.swift */,
				B5B1424E23D5436D00AF6E9B /* AddTaskVC.swift */,
			);
			path = Controllers;
			sourceTree = "<group>";
		};
/* End PBXGroup section */

/* Begin PBXNativeTarget section */
		B577F28E23D522B200F97C22 /* Harman_C0765590_labAssign2 */ = {
			isa = PBXNativeTarget;
			buildConfigurationList = B577F2A623D522B400F97C22 /* Build configuration list for PBXNativeTarget "Harman_C0765590_labAssign2" */;
			buildPhases = (
				B577F28B23D522B200F97C22 /* Sources */,
				B577F28C23D522B200F97C22 /* Frameworks */,
				B577F28D23D522B200F97C22 /* Resources */,
			);
			buildRules = (
			);
			dependencies = (
			);
			name = Harman_C0765590_labAssign2;
			productName = Harman_C0765590_labAssign2;
			productReference = B577F28F23D522B200F97C22 /* Harman_C0765590_labAssign2.app */;
			productType = "com.apple.product-type.application";
		};
/* End PBXNativeTarget section */

/* Begin PBXProject section */
		B577F28723D522B200F97C22 /* Project object */ = {
			isa = PBXProject;
			attributes = {
				LastSwiftUpdateCheck = 1130;
				LastUpgradeCheck = 1130;
				ORGANIZATIONNAME = "Harmanpreet Kaur";
				TargetAttributes = {
					B577F28E23D522B200F97C22 = {
						CreatedOnToolsVersion = 11.3;
					};
				};
			};
			buildConfigurationList = B577F28A23D522B200F97C22 /* Build configuration list for PBXProject "Harman_C0765590_labAssign2" */;
			compatibilityVersion = "Xcode 9.3";
			developmentRegion = en;
			hasScannedForEncodings = 0;
			knownRegions = (
				en,
				Base,
			);
			mainGroup = B577F28623D522B200F97C22;
			productRefGroup = B577F29023D522B200F97C22 /* Products */;
			projectDirPath = "";
			projectRoot = "";
			targets = (
				B577F28E23D522B200F97C22 /* Harman_C0765590_labAssign2 */,
			);
		};
/* End PBXProject section */

/* Begin PBXResourcesBuildPhase section */
		B577F28D23D522B200F97C22 /* Resources */ = {
			isa = PBXResourcesBuildPhase;
			buildActionMask = 2147483647;
			files = (
				B577F2A223D522B400F97C22 /* LaunchScreen.storyboard in Resources */,
				B577F29F23D522B400F97C22 /* Assets.xcassets in Resources */,
				B577F29A23D522B200F97C22 /* Main.storyboard in Resources */,
			);
			runOnlyForDeploymentPostprocessing = 0;
		};
/* End PBXResourcesBuildPhase section */

/* Begin PBXSourcesBuildPhase section */
		B577F28B23D522B200F97C22 /* Sources */ = {
			isa = PBXSourcesBuildPhase;
			buildActionMask = 2147483647;
			files = (
				B577F29723D522B200F97C22 /* ViewController.swift in Sources */,
				B5B1424F23D5436D00AF6E9B /* AddTaskVC.swift in Sources */,
				B577F2AB23D523E700F97C22 /* TasksTableViewController.swift in Sources */,
				B577F29D23D522B200F97C22 /* Harman_C0765590_labAssign2.xcdatamodeld in Sources */,
				B577F29323D522B200F97C22 /* AppDelegate.swift in Sources */,
				B577F29523D522B200F97C22 /* SceneDelegate.swift in Sources */,
			);
			runOnlyForDeploymentPostprocessing = 0;
		};
/* End PBXSourcesBuildPhase section */

/* Begin PBXVariantGroup section */
		B577F29823D522B200F97C22 /* Main.storyboard */ = {
			isa = PBXVariantGroup;
			children = (
				B577F29923D522B200F97C22 /* Base */,
			);
			name = Main.storyboard;
			sourceTree = "<group>";
		};
		B577F2A023D522B400F97C22 /* LaunchScreen.storyboard */ = {
			isa = PBXVariantGroup;
			children = (
				B577F2A123D522B400F97C22 /* Base */,
			);
			name = LaunchScreen.storyboard;
			sourceTree = "<group>";
		};
/* End PBXVariantGroup section */

/* Begin XCBuildConfiguration section */
		B577F2A423D522B400F97C22 /* Debug */ = {
			isa = XCBuildConfiguration;
			buildSettings = {
				ALWAYS_SEARCH_USER_PATHS = NO;
				CLANG_ANALYZER_NONNULL = YES;
				CLANG_ANALYZER_NUMBER_OBJECT_CONVERSION = YES_AGGRESSIVE;
				CLANG_CXX_LANGUAGE_STANDARD = "gnu++14";
				CLANG_CXX_LIBRARY = "libc++";
				CLANG_ENABLE_MODULES = YES;
				CLANG_ENABLE_OBJC_ARC = YES;
				CLANG_ENABLE_OBJC_WEAK = YES;
				CLANG_WARN_BLOCK_CAPTURE_AUTORELEASING = YES;
				CLANG_WARN_BOOL_CONVERSION = YES;
				CLANG_WARN_COMMA = YES;
				CLANG_WARN_CONSTANT_CONVERSION = YES;
				CLANG_WARN_DEPRECATED_OBJC_IMPLEMENTATIONS = YES;
				CLANG_WARN_DIRECT_OBJC_ISA_USAGE = YES_ERROR;
				CLANG_WARN_DOCUMENTATION_COMMENTS = YES;
				CLANG_WARN_EMPTY_BODY = YES;
				CLANG_WARN_ENUM_CONVERSION = YES;
				CLANG_WARN_INFINITE_RECURSION = YES;
				CLANG_WARN_INT_CONVERSION = YES;
				CLANG_WARN_NON_LITERAL_NULL_CONVERSION = YES;
				CLANG_WARN_OBJC_IMPLICIT_RETAIN_SELF = YES;
				CLANG_WARN_OBJC_LITERAL_CONVERSION = YES;
				CLANG_WARN_OBJC_ROOT_CLASS = YES_ERROR;
				CLANG_WARN_RANGE_LOOP_ANALYSIS = YES;
				CLANG_WARN_STRICT_PROTOTYPES = YES;
				CLANG_WARN_SUSPICIOUS_MOVE = YES;
				CLANG_WARN_UNGUARDED_AVAILABILITY = YES_AGGRESSIVE;
				CLANG_WARN_UNREACHABLE_CODE = YES;
				CLANG_WARN__DUPLICATE_METHOD_MATCH = YES;
				COPY_PHASE_STRIP = NO;
				DEBUG_INFORMATION_FORMAT = dwarf;
				ENABLE_STRICT_OBJC_MSGSEND = YES;
				ENABLE_TESTABILITY = YES;
				GCC_C_LANGUAGE_STANDARD = gnu11;
				GCC_DYNAMIC_NO_PIC = NO;
				GCC_NO_COMMON_BLOCKS = YES;
				GCC_OPTIMIZATION_LEVEL = 0;
				GCC_PREPROCESSOR_DEFINITIONS = (
					"DEBUG=1",
					"$(inherited)",
				);
				GCC_WARN_64_TO_32_BIT_CONVERSION = YES;
				GCC_WARN_ABOUT_RETURN_TYPE = YES_ERROR;
				GCC_WARN_UNDECLARED_SELECTOR = YES;
				GCC_WARN_UNINITIALIZED_AUTOS = YES_AGGRESSIVE;
				GCC_WARN_UNUSED_FUNCTION = YES;
				GCC_WARN_UNUSED_VARIABLE = YES;
				IPHONEOS_DEPLOYMENT_TARGET = 13.2;
				MTL_ENABLE_DEBUG_INFO = INCLUDE_SOURCE;
				MTL_FAST_MATH = YES;
				ONLY_ACTIVE_ARCH = YES;
				SDKROOT = iphoneos;
				SWIFT_ACTIVE_COMPILATION_CONDITIONS = DEBUG;
				SWIFT_OPTIMIZATION_LEVEL = "-Onone";
			};
			name = Debug;
		};
		B577F2A523D522B400F97C22 /* Release */ = {
			isa = XCBuildConfiguration;
			buildSettings = {
				ALWAYS_SEARCH_USER_PATHS = NO;
				CLANG_ANALYZER_NONNULL = YES;
				CLANG_ANALYZER_NUMBER_OBJECT_CONVERSION = YES_AGGRESSIVE;
				CLANG_CXX_LANGUAGE_STANDARD = "gnu++14";
				CLANG_CXX_LIBRARY = "libc++";
				CLANG_ENABLE_MODULES = YES;
				CLANG_ENABLE_OBJC_ARC = YES;
				CLANG_ENABLE_OBJC_WEAK = YES;
				CLANG_WARN_BLOCK_CAPTURE_AUTORELEASING = YES;
				CLANG_WARN_BOOL_CONVERSION = YES;
				CLANG_WARN_COMMA = YES;
				CLANG_WARN_CONSTANT_CONVERSION = YES;
				CLANG_WARN_DEPRECATED_OBJC_IMPLEMENTATIONS = YES;
				CLANG_WARN_DIRECT_OBJC_ISA_USAGE = YES_ERROR;
				CLANG_WARN_DOCUMENTATION_COMMENTS = YES;
				CLANG_WARN_EMPTY_BODY = YES;
				CLANG_WARN_ENUM_CONVERSION = YES;
				CLANG_WARN_INFINITE_RECURSION = YES;
				CLANG_WARN_INT_CONVERSION = YES;
				CLANG_WARN_NON_LITERAL_NULL_CONVERSION = YES;
				CLANG_WARN_OBJC_IMPLICIT_RETAIN_SELF = YES;
				CLANG_WARN_OBJC_LITERAL_CONVERSION = YES;
				CLANG_WARN_OBJC_ROOT_CLASS = YES_ERROR;
				CLANG_WARN_RANGE_LOOP_ANALYSIS = YES;
				CLANG_WARN_STRICT_PROTOTYPES = YES;
				CLANG_WARN_SUSPICIOUS_MOVE = YES;
				CLANG_WARN_UNGUARDED_AVAILABILITY = YES_AGGRESSIVE;
				CLANG_WARN_UNREACHABLE_CODE = YES;
				CLANG_WARN__DUPLICATE_METHOD_MATCH = YES;
				COPY_PHASE_STRIP = NO;
				DEBUG_INFORMATION_FORMAT = "dwarf-with-dsym";
				ENABLE_NS_ASSERTIONS = NO;
				ENABLE_STRICT_OBJC_MSGSEND = YES;
				GCC_C_LANGUAGE_STANDARD = gnu11;
				GCC_NO_COMMON_BLOCKS = YES;
				GCC_WARN_64_TO_32_BIT_CONVERSION = YES;
				GCC_WARN_ABOUT_RETURN_TYPE = YES_ERROR;
				GCC_WARN_UNDECLARED_SELECTOR = YES;
				GCC_WARN_UNINITIALIZED_AUTOS = YES_AGGRESSIVE;
				GCC_WARN_UNUSED_FUNCTION = YES;
				GCC_WARN_UNUSED_VARIABLE = YES;
				IPHONEOS_DEPLOYMENT_TARGET = 13.2;
				MTL_ENABLE_DEBUG_INFO = NO;
				MTL_FAST_MATH = YES;
				SDKROOT = iphoneos;
				SWIFT_COMPILATION_MODE = wholemodule;
				SWIFT_OPTIMIZATION_LEVEL = "-O";
				VALIDATE_PRODUCT = YES;
			};
			name = Release;
		};
		B577F2A723D522B400F97C22 /* Debug */ = {
			isa = XCBuildConfiguration;
			buildSettings = {
				ASSETCATALOG_COMPILER_APPICON_NAME = AppIcon;
				CODE_SIGN_STYLE = Automatic;
				DEVELOPMENT_TEAM = 59Z5F95HT6;
				INFOPLIST_FILE = Harman_C0765590_labAssign2/Info.plist;
				LD_RUNPATH_SEARCH_PATHS = (
					"$(inherited)",
					"@executable_path/Frameworks",
				);
				PRODUCT_BUNDLE_IDENTIFIER = "harmankaur.Harman-C0765590-labAssign2";
				PRODUCT_NAME = "$(TARGET_NAME)";
				SWIFT_VERSION = 5.0;
				TARGETED_DEVICE_FAMILY = "1,2";
			};
			name = Debug;
		};
		B577F2A823D522B400F97C22 /* Release */ = {
			isa = XCBuildConfiguration;
			buildSettings = {
				ASSETCATALOG_COMPILER_APPICON_NAME = AppIcon;
				CODE_SIGN_STYLE = Automatic;
				DEVELOPMENT_TEAM = 59Z5F95HT6;
				INFOPLIST_FILE = Harman_C0765590_labAssign2/Info.plist;
				LD_RUNPATH_SEARCH_PATHS = (
					"$(inherited)",
					"@executable_path/Frameworks",
				);
				PRODUCT_BUNDLE_IDENTIFIER = "harmankaur.Harman-C0765590-labAssign2";
				PRODUCT_NAME = "$(TARGET_NAME)";
				SWIFT_VERSION = 5.0;
				TARGETED_DEVICE_FAMILY = "1,2";
			};
			name = Release;
		};
/* End XCBuildConfiguration section */

/* Begin XCConfigurationList section */
		B577F28A23D522B200F97C22 /* Build configuration list for PBXProject "Harman_C0765590_labAssign2" */ = {
			isa = XCConfigurationList;
			buildConfigurations = (
				B577F2A423D522B400F97C22 /* Debug */,
				B577F2A523D522B400F97C22 /* Release */,
			);
			defaultConfigurationIsVisible = 0;
			defaultConfigurationName = Release;
		};
		B577F2A623D522B400F97C22 /* Build configuration list for PBXNativeTarget "Harman_C0765590_labAssign2" */ = {
			isa = XCConfigurationList;
			buildConfigurations = (
				B577F2A723D522B400F97C22 /* Debug */,
				B577F2A823D522B400F97C22 /* Release */,
			);
			defaultConfigurationIsVisible = 0;
			defaultConfigurationName = Release;
		};
/* End XCConfigurationList section */

/* Begin XCVersionGroup section */
		B577F29B23D522B200F97C22 /* Harman_C0765590_labAssign2.xcdatamodeld */ = {
			isa = XCVersionGroup;
			children = (
				B577F29C23D522B200F97C22 /* Harman_C0765590_labAssign2.xcdatamodel */,
			);
			currentVersion = B577F29C23D522B200F97C22 /* Harman_C0765590_labAssign2.xcdatamodel */;
			path = Harman_C0765590_labAssign2.xcdatamodeld;
			sourceTree = "<group>";
			versionGroupType = wrapper.xcdatamodel;
		};
/* End XCVersionGroup section */
	};
	rootObject = B577F28723D522B200F97C22 /* Project object */;
}
